
Microsoft Visual Studio Solution File, Format Version 12.00
# Visual Studio 14
VisualStudioVersion = 14.0.25123.0
MinimumVisualStudioVersion = 10.0.40219.1
Project("{FAE04EC0-301F-11D3-BF4B-00C04F79EFBC}") = "EF-Exercises", "EF-Exercises\EF-Exercises.csproj", "{0CF68AA3-BFCB-42F4-80F4-E7303C584188}"
EndProject
Global
	GlobalSection(SolutionConfigurationPlatforms) = preSolution
		Debug|Any CPU = Debug|Any CPU
		Release|Any CPU = Release|Any CPU
	EndGlobalSection
	GlobalSection(ProjectConfigurationPlatforms) = postSolution
		{0CF68AA3-BFCB-42F4-80F4-E7303C584188}.Debug|Any CPU.ActiveCfg = Debug|Any CPU
		{0CF68AA3-BFCB-42F4-80F4-E7303C584188}.Debug|Any CPU.Build.0 = Debug|Any CPU
		{0CF68AA3-BFCB-42F4-80F4-E7303C584188}.Release|Any CPU.ActiveCfg = Release|Any CPU
		{0CF68AA3-BFCB-42F4-80F4-E7303C584188}.Release|Any CPU.Build.0 = Release|Any CPU
	EndGlobalSection
	GlobalSection(SolutionProperties) = preSolution
		HideSolutionNode = FALSE
	EndGlobalSection
EndGlobal
