
Microsoft Visual Studio Solution File, Format Version 12.00
# Visual Studio 14
VisualStudioVersion = 14.0.23107.0
MinimumVisualStudioVersion = 10.0.40219.1
Project("{FAE04EC0-301F-11D3-BF4B-00C04F79EFBC}") = "01.BookShop", "01.BookShop\01.BookShop.csproj", "{FF363800-C2BA-43F8-8A5E-1A6588C6437C}"
EndProject
Project("{FAE04EC0-301F-11D3-BF4B-00C04F79EFBC}") = "02.Abstraction-Exercise", "02.Abstraction-Exercise\02.Abstraction-Exercise.csproj", "{F683D5EE-9C74-4387-BF25-612042798CE3}"
EndProject
Global
	GlobalSection(SolutionConfigurationPlatforms) = preSolution
		Debug|Any CPU = Debug|Any CPU
		Release|Any CPU = Release|Any CPU
	EndGlobalSection
	GlobalSection(ProjectConfigurationPlatforms) = postSolution
		{FF363800-C2BA-43F8-8A5E-1A6588C6437C}.Debug|Any CPU.ActiveCfg = Debug|Any CPU
		{FF363800-C2BA-43F8-8A5E-1A6588C6437C}.Debug|Any CPU.Build.0 = Debug|Any CPU
		{FF363800-C2BA-43F8-8A5E-1A6588C6437C}.Release|Any CPU.ActiveCfg = Release|Any CPU
		{FF363800-C2BA-43F8-8A5E-1A6588C6437C}.Release|Any CPU.Build.0 = Release|Any CPU
		{F683D5EE-9C74-4387-BF25-612042798CE3}.Debug|Any CPU.ActiveCfg = Debug|Any CPU
		{F683D5EE-9C74-4387-BF25-612042798CE3}.Debug|Any CPU.Build.0 = Debug|Any CPU
		{F683D5EE-9C74-4387-BF25-612042798CE3}.Release|Any CPU.ActiveCfg = Release|Any CPU
		{F683D5EE-9C74-4387-BF25-612042798CE3}.Release|Any CPU.Build.0 = Release|Any CPU
	EndGlobalSection
	GlobalSection(SolutionProperties) = preSolution
		HideSolutionNode = FALSE
	EndGlobalSection
EndGlobal
