
Microsoft Visual Studio Solution File, Format Version 12.00
# Visual Studio 15
VisualStudioVersion = 15.0.27004.2005
MinimumVisualStudioVersion = 10.0.40219.1
Project("{FAE04EC0-301F-11D3-BF4B-00C04F79EFBC}") = "CarDealer.Web", "CarDealer.Web\CarDealer.Web.csproj", "{DE48EBC8-7189-48B9-A5EC-C8736AE7BE37}"
EndProject
Global
	GlobalSection(SolutionConfigurationPlatforms) = preSolution
		Debug|Any CPU = Debug|Any CPU
		Release|Any CPU = Release|Any CPU
	EndGlobalSection
	GlobalSection(ProjectConfigurationPlatforms) = postSolution
		{DE48EBC8-7189-48B9-A5EC-C8736AE7BE37}.Debug|Any CPU.ActiveCfg = Debug|Any CPU
		{DE48EBC8-7189-48B9-A5EC-C8736AE7BE37}.Debug|Any CPU.Build.0 = Debug|Any CPU
		{DE48EBC8-7189-48B9-A5EC-C8736AE7BE37}.Release|Any CPU.ActiveCfg = Release|Any CPU
		{DE48EBC8-7189-48B9-A5EC-C8736AE7BE37}.Release|Any CPU.Build.0 = Release|Any CPU
	EndGlobalSection
	GlobalSection(SolutionProperties) = preSolution
		HideSolutionNode = FALSE
	EndGlobalSection
	GlobalSection(ExtensibilityGlobals) = postSolution
		SolutionGuid = {2AE00B25-5067-44A0-BC53-943296468CF6}
	EndGlobalSection
EndGlobal
