
Microsoft Visual Studio Solution File, Format Version 12.00
# Visual Studio 15
VisualStudioVersion = 15.0.27130.2010
MinimumVisualStudioVersion = 10.0.40219.1
Project("{FAE04EC0-301F-11D3-BF4B-00C04F79EFBC}") = "01.ReverseNumbers", "01.ReverseNumbers\01.ReverseNumbers.csproj", "{0F197577-21E7-4C4E-A7E8-064DC7A720AF}"
EndProject
Global
	GlobalSection(SolutionConfigurationPlatforms) = preSolution
		Debug|Any CPU = Debug|Any CPU
		Release|Any CPU = Release|Any CPU
	EndGlobalSection
	GlobalSection(ProjectConfigurationPlatforms) = postSolution
		{0F197577-21E7-4C4E-A7E8-064DC7A720AF}.Debug|Any CPU.ActiveCfg = Debug|Any CPU
		{0F197577-21E7-4C4E-A7E8-064DC7A720AF}.Debug|Any CPU.Build.0 = Debug|Any CPU
		{0F197577-21E7-4C4E-A7E8-064DC7A720AF}.Release|Any CPU.ActiveCfg = Release|Any CPU
		{0F197577-21E7-4C4E-A7E8-064DC7A720AF}.Release|Any CPU.Build.0 = Release|Any CPU
	EndGlobalSection
	GlobalSection(SolutionProperties) = preSolution
		HideSolutionNode = FALSE
	EndGlobalSection
	GlobalSection(ExtensibilityGlobals) = postSolution
		SolutionGuid = {06C789BB-227A-40A9-991B-2E4FC1445E0C}
	EndGlobalSection
EndGlobal
