
Microsoft Visual Studio Solution File, Format Version 12.00
# Visual Studio 15
VisualStudioVersion = 15.0.26430.14
MinimumVisualStudioVersion = 10.0.40219.1
Project("{FAE04EC0-301F-11D3-BF4B-00C04F79EFBC}") = "01.Person", "01.Person\01.Person.csproj", "{26E4EF3F-8977-4361-97CC-D14D1F05DBA2}"
EndProject
Project("{FAE04EC0-301F-11D3-BF4B-00C04F79EFBC}") = "02.BookShop", "02.BookShop\02.BookShop.csproj", "{DC93C233-1EB4-4656-B8A7-2EA18C50F6E8}"
EndProject
Project("{FAE04EC0-301F-11D3-BF4B-00C04F79EFBC}") = "03.Mankind", "03.Mankind\03.Mankind.csproj", "{3363644B-71A8-4183-8E74-E58E3ED90028}"
EndProject
Project("{FAE04EC0-301F-11D3-BF4B-00C04F79EFBC}") = "04.OnlineRadioDatabase", "04.OnlineRadioDatabase\04.OnlineRadioDatabase.csproj", "{70275261-3BDF-42A6-9A51-E277B7951B50}"
EndProject
Project("{FAE04EC0-301F-11D3-BF4B-00C04F79EFBC}") = "05.MordorsCrueltyPlan", "05.MordorsCrueltyPlan\05.MordorsCrueltyPlan.csproj", "{C8886E1C-0BAD-4832-9E7E-3E64C311E754}"
EndProject
Project("{FAE04EC0-301F-11D3-BF4B-00C04F79EFBC}") = "06.Animals", "06.Animals\06.Animals.csproj", "{E4E77901-DB32-4925-BFE1-0E731602C511}"
EndProject
Global
	GlobalSection(SolutionConfigurationPlatforms) = preSolution
		Debug|Any CPU = Debug|Any CPU
		Release|Any CPU = Release|Any CPU
	EndGlobalSection
	GlobalSection(ProjectConfigurationPlatforms) = postSolution
		{26E4EF3F-8977-4361-97CC-D14D1F05DBA2}.Debug|Any CPU.ActiveCfg = Debug|Any CPU
		{26E4EF3F-8977-4361-97CC-D14D1F05DBA2}.Debug|Any CPU.Build.0 = Debug|Any CPU
		{26E4EF3F-8977-4361-97CC-D14D1F05DBA2}.Release|Any CPU.ActiveCfg = Release|Any CPU
		{26E4EF3F-8977-4361-97CC-D14D1F05DBA2}.Release|Any CPU.Build.0 = Release|Any CPU
		{DC93C233-1EB4-4656-B8A7-2EA18C50F6E8}.Debug|Any CPU.ActiveCfg = Debug|Any CPU
		{DC93C233-1EB4-4656-B8A7-2EA18C50F6E8}.Debug|Any CPU.Build.0 = Debug|Any CPU
		{DC93C233-1EB4-4656-B8A7-2EA18C50F6E8}.Release|Any CPU.ActiveCfg = Release|Any CPU
		{DC93C233-1EB4-4656-B8A7-2EA18C50F6E8}.Release|Any CPU.Build.0 = Release|Any CPU
		{3363644B-71A8-4183-8E74-E58E3ED90028}.Debug|Any CPU.ActiveCfg = Debug|Any CPU
		{3363644B-71A8-4183-8E74-E58E3ED90028}.Debug|Any CPU.Build.0 = Debug|Any CPU
		{3363644B-71A8-4183-8E74-E58E3ED90028}.Release|Any CPU.ActiveCfg = Release|Any CPU
		{3363644B-71A8-4183-8E74-E58E3ED90028}.Release|Any CPU.Build.0 = Release|Any CPU
		{70275261-3BDF-42A6-9A51-E277B7951B50}.Debug|Any CPU.ActiveCfg = Debug|Any CPU
		{70275261-3BDF-42A6-9A51-E277B7951B50}.Debug|Any CPU.Build.0 = Debug|Any CPU
		{70275261-3BDF-42A6-9A51-E277B7951B50}.Release|Any CPU.ActiveCfg = Release|Any CPU
		{70275261-3BDF-42A6-9A51-E277B7951B50}.Release|Any CPU.Build.0 = Release|Any CPU
		{C8886E1C-0BAD-4832-9E7E-3E64C311E754}.Debug|Any CPU.ActiveCfg = Debug|Any CPU
		{C8886E1C-0BAD-4832-9E7E-3E64C311E754}.Debug|Any CPU.Build.0 = Debug|Any CPU
		{C8886E1C-0BAD-4832-9E7E-3E64C311E754}.Release|Any CPU.ActiveCfg = Release|Any CPU
		{C8886E1C-0BAD-4832-9E7E-3E64C311E754}.Release|Any CPU.Build.0 = Release|Any CPU
		{E4E77901-DB32-4925-BFE1-0E731602C511}.Debug|Any CPU.ActiveCfg = Debug|Any CPU
		{E4E77901-DB32-4925-BFE1-0E731602C511}.Debug|Any CPU.Build.0 = Debug|Any CPU
		{E4E77901-DB32-4925-BFE1-0E731602C511}.Release|Any CPU.ActiveCfg = Release|Any CPU
		{E4E77901-DB32-4925-BFE1-0E731602C511}.Release|Any CPU.Build.0 = Release|Any CPU
	EndGlobalSection
	GlobalSection(SolutionProperties) = preSolution
		HideSolutionNode = FALSE
	EndGlobalSection
EndGlobal
