
Microsoft Visual Studio Solution File, Format Version 12.00
# Visual Studio 15
VisualStudioVersion = 15.0.26228.9
MinimumVisualStudioVersion = 10.0.40219.1
Project("{FAE04EC0-301F-11D3-BF4B-00C04F79EFBC}") = "01.SumMatrixElements", "01.SumMatrixElements\01.SumMatrixElements.csproj", "{5670A08D-4D4E-4449-9EAA-DF216D3A35FF}"
EndProject
Project("{FAE04EC0-301F-11D3-BF4B-00C04F79EFBC}") = "02.SquareWithMaximumSum", "02.SquareWithMaximumSum\02.SquareWithMaximumSum.csproj", "{DD445BAF-352B-4347-972C-78E8617D24D9}"
EndProject
Project("{FAE04EC0-301F-11D3-BF4B-00C04F79EFBC}") = "03.GroupNumbers", "03.GroupNumbers\03.GroupNumbers.csproj", "{EBCDF53C-8D6B-4576-B712-A05C376738EE}"
EndProject
Project("{FAE04EC0-301F-11D3-BF4B-00C04F79EFBC}") = "04.PascalTriangle", "04.PascalTriangle\04.PascalTriangle.csproj", "{D12307F2-6EFE-4471-826A-23D350977FB8}"
EndProject
Global
	GlobalSection(SolutionConfigurationPlatforms) = preSolution
		Debug|Any CPU = Debug|Any CPU
		Release|Any CPU = Release|Any CPU
	EndGlobalSection
	GlobalSection(ProjectConfigurationPlatforms) = postSolution
		{5670A08D-4D4E-4449-9EAA-DF216D3A35FF}.Debug|Any CPU.ActiveCfg = Debug|Any CPU
		{5670A08D-4D4E-4449-9EAA-DF216D3A35FF}.Debug|Any CPU.Build.0 = Debug|Any CPU
		{5670A08D-4D4E-4449-9EAA-DF216D3A35FF}.Release|Any CPU.ActiveCfg = Release|Any CPU
		{5670A08D-4D4E-4449-9EAA-DF216D3A35FF}.Release|Any CPU.Build.0 = Release|Any CPU
		{DD445BAF-352B-4347-972C-78E8617D24D9}.Debug|Any CPU.ActiveCfg = Debug|Any CPU
		{DD445BAF-352B-4347-972C-78E8617D24D9}.Debug|Any CPU.Build.0 = Debug|Any CPU
		{DD445BAF-352B-4347-972C-78E8617D24D9}.Release|Any CPU.ActiveCfg = Release|Any CPU
		{DD445BAF-352B-4347-972C-78E8617D24D9}.Release|Any CPU.Build.0 = Release|Any CPU
		{EBCDF53C-8D6B-4576-B712-A05C376738EE}.Debug|Any CPU.ActiveCfg = Debug|Any CPU
		{EBCDF53C-8D6B-4576-B712-A05C376738EE}.Debug|Any CPU.Build.0 = Debug|Any CPU
		{EBCDF53C-8D6B-4576-B712-A05C376738EE}.Release|Any CPU.ActiveCfg = Release|Any CPU
		{EBCDF53C-8D6B-4576-B712-A05C376738EE}.Release|Any CPU.Build.0 = Release|Any CPU
		{D12307F2-6EFE-4471-826A-23D350977FB8}.Debug|Any CPU.ActiveCfg = Debug|Any CPU
		{D12307F2-6EFE-4471-826A-23D350977FB8}.Debug|Any CPU.Build.0 = Debug|Any CPU
		{D12307F2-6EFE-4471-826A-23D350977FB8}.Release|Any CPU.ActiveCfg = Release|Any CPU
		{D12307F2-6EFE-4471-826A-23D350977FB8}.Release|Any CPU.Build.0 = Release|Any CPU
	EndGlobalSection
	GlobalSection(SolutionProperties) = preSolution
		HideSolutionNode = FALSE
	EndGlobalSection
EndGlobal
