
Microsoft Visual Studio Solution File, Format Version 12.00
# Visual Studio 2015
Project("{FAE04EC0-301F-11D3-BF4B-00C04F79EFBC}") = "UnityCourseExamples2D.CSharp", "UnityCourseExamples2D.CSharp.csproj", "{91EB130F-6009-117A-91CB-8C5C539F9402}"
EndProject
Global
	GlobalSection(SolutionConfigurationPlatforms) = preSolution
		Debug|Any CPU = Debug|Any CPU
		Release|Any CPU = Release|Any CPU
	EndGlobalSection
	GlobalSection(ProjectConfigurationPlatforms) = postSolution
		{91EB130F-6009-117A-91CB-8C5C539F9402}.Debug|Any CPU.ActiveCfg = Debug|Any CPU
		{91EB130F-6009-117A-91CB-8C5C539F9402}.Debug|Any CPU.Build.0 = Debug|Any CPU
		{91EB130F-6009-117A-91CB-8C5C539F9402}.Release|Any CPU.ActiveCfg = Release|Any CPU
		{91EB130F-6009-117A-91CB-8C5C539F9402}.Release|Any CPU.Build.0 = Release|Any CPU
	EndGlobalSection
	GlobalSection(SolutionProperties) = preSolution
		HideSolutionNode = FALSE
	EndGlobalSection
EndGlobal
