
Microsoft Visual Studio Solution File, Format Version 12.00
# Visual Studio 15
VisualStudioVersion = 15.0.26228.9
MinimumVisualStudioVersion = 10.0.40219.1
Project("{FAE04EC0-301F-11D3-BF4B-00C04F79EFBC}") = "01.GenerateVariationsWithRepetition", "01.GenerateVariationsWithRepetition\01.GenerateVariationsWithRepetition.csproj", "{22E8F9BC-A7AA-4248-9959-83AE8A819181}"
EndProject
Project("{FAE04EC0-301F-11D3-BF4B-00C04F79EFBC}") = "02.VariationsWithoutRepetition", "02.VariationsWithoutRepetition\02.VariationsWithoutRepetition.csproj", "{AB555F24-C096-402B-B471-EBDDB7DC59C0}"
EndProject
Global
	GlobalSection(SolutionConfigurationPlatforms) = preSolution
		Debug|Any CPU = Debug|Any CPU
		Release|Any CPU = Release|Any CPU
	EndGlobalSection
	GlobalSection(ProjectConfigurationPlatforms) = postSolution
		{22E8F9BC-A7AA-4248-9959-83AE8A819181}.Debug|Any CPU.ActiveCfg = Debug|Any CPU
		{22E8F9BC-A7AA-4248-9959-83AE8A819181}.Debug|Any CPU.Build.0 = Debug|Any CPU
		{22E8F9BC-A7AA-4248-9959-83AE8A819181}.Release|Any CPU.ActiveCfg = Release|Any CPU
		{22E8F9BC-A7AA-4248-9959-83AE8A819181}.Release|Any CPU.Build.0 = Release|Any CPU
		{AB555F24-C096-402B-B471-EBDDB7DC59C0}.Debug|Any CPU.ActiveCfg = Debug|Any CPU
		{AB555F24-C096-402B-B471-EBDDB7DC59C0}.Debug|Any CPU.Build.0 = Debug|Any CPU
		{AB555F24-C096-402B-B471-EBDDB7DC59C0}.Release|Any CPU.ActiveCfg = Release|Any CPU
		{AB555F24-C096-402B-B471-EBDDB7DC59C0}.Release|Any CPU.Build.0 = Release|Any CPU
	EndGlobalSection
	GlobalSection(SolutionProperties) = preSolution
		HideSolutionNode = FALSE
	EndGlobalSection
EndGlobal
