
Microsoft Visual Studio Solution File, Format Version 12.00
# Visual Studio 15
VisualStudioVersion = 15.0.26430.14
MinimumVisualStudioVersion = 10.0.40219.1
Project("{FAE04EC0-301F-11D3-BF4B-00C04F79EFBC}") = "01.SchoolCompetition", "01.SchoolCompetition\01.SchoolCompetition.csproj", "{242A6AFD-8ECE-481D-9088-C0019D95EE5F}"
EndProject
Project("{FAE04EC0-301F-11D3-BF4B-00C04F79EFBC}") = "02.03.OneToManyAndSelfReferenced", "02.03.OneToManyAndSelfReferenced\02.03.OneToManyAndSelfReferenced.csproj", "{C4ACC51C-D44A-499E-8DD0-2F76038459A1}"
EndProject
Project("{FAE04EC0-301F-11D3-BF4B-00C04F79EFBC}") = "04.Many-to-ManyRelation", "04.Many-to-ManyRelation\04.Many-to-ManyRelation.csproj", "{CD915DF3-F3BC-4A9A-9593-E84DFC3094ED}"
EndProject
Project("{FAE04EC0-301F-11D3-BF4B-00C04F79EFBC}") = "05.06.07.08.ShopHierarchy", "05.06.07.08.ShopHierarchy\05.06.07.08.ShopHierarchy.csproj", "{5AC7A2D2-B5AF-4DA4-AC15-10B6972AD591}"
EndProject
Global
	GlobalSection(SolutionConfigurationPlatforms) = preSolution
		Debug|Any CPU = Debug|Any CPU
		Release|Any CPU = Release|Any CPU
	EndGlobalSection
	GlobalSection(ProjectConfigurationPlatforms) = postSolution
		{242A6AFD-8ECE-481D-9088-C0019D95EE5F}.Debug|Any CPU.ActiveCfg = Debug|Any CPU
		{242A6AFD-8ECE-481D-9088-C0019D95EE5F}.Debug|Any CPU.Build.0 = Debug|Any CPU
		{242A6AFD-8ECE-481D-9088-C0019D95EE5F}.Release|Any CPU.ActiveCfg = Release|Any CPU
		{242A6AFD-8ECE-481D-9088-C0019D95EE5F}.Release|Any CPU.Build.0 = Release|Any CPU
		{C4ACC51C-D44A-499E-8DD0-2F76038459A1}.Debug|Any CPU.ActiveCfg = Debug|Any CPU
		{C4ACC51C-D44A-499E-8DD0-2F76038459A1}.Debug|Any CPU.Build.0 = Debug|Any CPU
		{C4ACC51C-D44A-499E-8DD0-2F76038459A1}.Release|Any CPU.ActiveCfg = Release|Any CPU
		{C4ACC51C-D44A-499E-8DD0-2F76038459A1}.Release|Any CPU.Build.0 = Release|Any CPU
		{CD915DF3-F3BC-4A9A-9593-E84DFC3094ED}.Debug|Any CPU.ActiveCfg = Debug|Any CPU
		{CD915DF3-F3BC-4A9A-9593-E84DFC3094ED}.Debug|Any CPU.Build.0 = Debug|Any CPU
		{CD915DF3-F3BC-4A9A-9593-E84DFC3094ED}.Release|Any CPU.ActiveCfg = Release|Any CPU
		{CD915DF3-F3BC-4A9A-9593-E84DFC3094ED}.Release|Any CPU.Build.0 = Release|Any CPU
		{5AC7A2D2-B5AF-4DA4-AC15-10B6972AD591}.Debug|Any CPU.ActiveCfg = Debug|Any CPU
		{5AC7A2D2-B5AF-4DA4-AC15-10B6972AD591}.Debug|Any CPU.Build.0 = Debug|Any CPU
		{5AC7A2D2-B5AF-4DA4-AC15-10B6972AD591}.Release|Any CPU.ActiveCfg = Release|Any CPU
		{5AC7A2D2-B5AF-4DA4-AC15-10B6972AD591}.Release|Any CPU.Build.0 = Release|Any CPU
	EndGlobalSection
	GlobalSection(SolutionProperties) = preSolution
		HideSolutionNode = FALSE
	EndGlobalSection
EndGlobal
