
Microsoft Visual Studio Solution File, Format Version 12.00
# Visual Studio 15
VisualStudioVersion = 15.0.27004.2005
MinimumVisualStudioVersion = 10.0.40219.1
Project("{FAE04EC0-301F-11D3-BF4B-00C04F79EFBC}") = "FluffyDuffyMunchkinCats", "FluffyDuffyMunchkinCats\FluffyDuffyMunchkinCats.csproj", "{46541901-A9EC-44C8-ADB6-CE78BF6BE823}"
EndProject
Global
	GlobalSection(SolutionConfigurationPlatforms) = preSolution
		Debug|Any CPU = Debug|Any CPU
		Release|Any CPU = Release|Any CPU
	EndGlobalSection
	GlobalSection(ProjectConfigurationPlatforms) = postSolution
		{46541901-A9EC-44C8-ADB6-CE78BF6BE823}.Debug|Any CPU.ActiveCfg = Debug|Any CPU
		{46541901-A9EC-44C8-ADB6-CE78BF6BE823}.Debug|Any CPU.Build.0 = Debug|Any CPU
		{46541901-A9EC-44C8-ADB6-CE78BF6BE823}.Release|Any CPU.ActiveCfg = Release|Any CPU
		{46541901-A9EC-44C8-ADB6-CE78BF6BE823}.Release|Any CPU.Build.0 = Release|Any CPU
	EndGlobalSection
	GlobalSection(SolutionProperties) = preSolution
		HideSolutionNode = FALSE
	EndGlobalSection
	GlobalSection(ExtensibilityGlobals) = postSolution
		SolutionGuid = {7B35A6DF-1A96-4D58-A337-DBA6DE357680}
	EndGlobalSection
EndGlobal
