
Microsoft Visual Studio Solution File, Format Version 12.00
# Visual Studio 15
VisualStudioVersion = 15.0.26228.9
MinimumVisualStudioVersion = 10.0.40219.1
Project("{FAE04EC0-301F-11D3-BF4B-00C04F79EFBC}") = "CarDealer.Client", "CarDealer.Client\CarDealer.Client.csproj", "{7ADFFAA1-812D-492F-B515-7EE5E03152F0}"
EndProject
Project("{FAE04EC0-301F-11D3-BF4B-00C04F79EFBC}") = "CarDealer.Models", "CarDealer.Models\CarDealer.Models.csproj", "{D9D985E0-7BF4-4B30-85A0-AEE63E77CA7D}"
EndProject
Project("{FAE04EC0-301F-11D3-BF4B-00C04F79EFBC}") = "CarDealer.Data", "CarDealer.Data\CarDealer.Data.csproj", "{D6546F2B-A848-4D6E-9F6F-55E1B1984428}"
EndProject
Global
	GlobalSection(SolutionConfigurationPlatforms) = preSolution
		Debug|Any CPU = Debug|Any CPU
		Release|Any CPU = Release|Any CPU
	EndGlobalSection
	GlobalSection(ProjectConfigurationPlatforms) = postSolution
		{7ADFFAA1-812D-492F-B515-7EE5E03152F0}.Debug|Any CPU.ActiveCfg = Debug|Any CPU
		{7ADFFAA1-812D-492F-B515-7EE5E03152F0}.Debug|Any CPU.Build.0 = Debug|Any CPU
		{7ADFFAA1-812D-492F-B515-7EE5E03152F0}.Release|Any CPU.ActiveCfg = Release|Any CPU
		{7ADFFAA1-812D-492F-B515-7EE5E03152F0}.Release|Any CPU.Build.0 = Release|Any CPU
		{D9D985E0-7BF4-4B30-85A0-AEE63E77CA7D}.Debug|Any CPU.ActiveCfg = Debug|Any CPU
		{D9D985E0-7BF4-4B30-85A0-AEE63E77CA7D}.Debug|Any CPU.Build.0 = Debug|Any CPU
		{D9D985E0-7BF4-4B30-85A0-AEE63E77CA7D}.Release|Any CPU.ActiveCfg = Release|Any CPU
		{D9D985E0-7BF4-4B30-85A0-AEE63E77CA7D}.Release|Any CPU.Build.0 = Release|Any CPU
		{D6546F2B-A848-4D6E-9F6F-55E1B1984428}.Debug|Any CPU.ActiveCfg = Debug|Any CPU
		{D6546F2B-A848-4D6E-9F6F-55E1B1984428}.Debug|Any CPU.Build.0 = Debug|Any CPU
		{D6546F2B-A848-4D6E-9F6F-55E1B1984428}.Release|Any CPU.ActiveCfg = Release|Any CPU
		{D6546F2B-A848-4D6E-9F6F-55E1B1984428}.Release|Any CPU.Build.0 = Release|Any CPU
	EndGlobalSection
	GlobalSection(SolutionProperties) = preSolution
		HideSolutionNode = FALSE
	EndGlobalSection
EndGlobal
