
Microsoft Visual Studio Solution File, Format Version 12.00
# Visual Studio 15
VisualStudioVersion = 15.0.26228.9
MinimumVisualStudioVersion = 10.0.40219.1
Project("{FAE04EC0-301F-11D3-BF4B-00C04F79EFBC}") = "01.RecursiveArraySum", "01.RecursiveArraySum\01.RecursiveArraySum.csproj", "{80419BEA-3177-4176-AE49-9F3FFA112A40}"
EndProject
Project("{FAE04EC0-301F-11D3-BF4B-00C04F79EFBC}") = "02.8QueensPuzzle", "02.8QueensPuzzle\02.8QueensPuzzle.csproj", "{9DEF42E0-92ED-4B0E-9105-68E6282FE3D9}"
EndProject
Global
	GlobalSection(SolutionConfigurationPlatforms) = preSolution
		Debug|Any CPU = Debug|Any CPU
		Release|Any CPU = Release|Any CPU
	EndGlobalSection
	GlobalSection(ProjectConfigurationPlatforms) = postSolution
		{80419BEA-3177-4176-AE49-9F3FFA112A40}.Debug|Any CPU.ActiveCfg = Debug|Any CPU
		{80419BEA-3177-4176-AE49-9F3FFA112A40}.Debug|Any CPU.Build.0 = Debug|Any CPU
		{80419BEA-3177-4176-AE49-9F3FFA112A40}.Release|Any CPU.ActiveCfg = Release|Any CPU
		{80419BEA-3177-4176-AE49-9F3FFA112A40}.Release|Any CPU.Build.0 = Release|Any CPU
		{9DEF42E0-92ED-4B0E-9105-68E6282FE3D9}.Debug|Any CPU.ActiveCfg = Debug|Any CPU
		{9DEF42E0-92ED-4B0E-9105-68E6282FE3D9}.Debug|Any CPU.Build.0 = Debug|Any CPU
		{9DEF42E0-92ED-4B0E-9105-68E6282FE3D9}.Release|Any CPU.ActiveCfg = Release|Any CPU
		{9DEF42E0-92ED-4B0E-9105-68E6282FE3D9}.Release|Any CPU.Build.0 = Release|Any CPU
	EndGlobalSection
	GlobalSection(SolutionProperties) = preSolution
		HideSolutionNode = FALSE
	EndGlobalSection
EndGlobal
