
Microsoft Visual Studio Solution File, Format Version 12.00
# Visual Studio 2015
Project("{FAE04EC0-301F-11D3-BF4B-00C04F79EFBC}") = "01.Introduction to Unity.CSharp", "01.Introduction to Unity.CSharp.csproj", "{947AA452-90E2-76A0-424E-7532BD89CA5B}"
EndProject
Global
	GlobalSection(SolutionConfigurationPlatforms) = preSolution
		Debug|Any CPU = Debug|Any CPU
		Release|Any CPU = Release|Any CPU
	EndGlobalSection
	GlobalSection(ProjectConfigurationPlatforms) = postSolution
		{947AA452-90E2-76A0-424E-7532BD89CA5B}.Debug|Any CPU.ActiveCfg = Debug|Any CPU
		{947AA452-90E2-76A0-424E-7532BD89CA5B}.Debug|Any CPU.Build.0 = Debug|Any CPU
		{947AA452-90E2-76A0-424E-7532BD89CA5B}.Release|Any CPU.ActiveCfg = Release|Any CPU
		{947AA452-90E2-76A0-424E-7532BD89CA5B}.Release|Any CPU.Build.0 = Release|Any CPU
	EndGlobalSection
	GlobalSection(SolutionProperties) = preSolution
		HideSolutionNode = FALSE
	EndGlobalSection
EndGlobal
