
Microsoft Visual Studio Solution File, Format Version 12.00
# Visual Studio 15
VisualStudioVersion = 15.0.27004.2005
MinimumVisualStudioVersion = 10.0.40219.1
Project("{FAE04EC0-301F-11D3-BF4B-00C04F79EFBC}") = "GameStore.App", "GameStore.App\GameStore.App.csproj", "{3D708226-9619-4F4C-9CF7-0EEF04D0CEBD}"
EndProject
Project("{FAE04EC0-301F-11D3-BF4B-00C04F79EFBC}") = "SimpleMvc.Framework", "SimpleMvc.Framework\SimpleMvc.Framework.csproj", "{ABDDB52B-FFDF-41E4-A78C-7980CD3EA26F}"
EndProject
Project("{FAE04EC0-301F-11D3-BF4B-00C04F79EFBC}") = "WebServer", "WebServer\WebServer.csproj", "{582C5E43-310D-48F7-8FD1-C6CDF572502B}"
EndProject
Global
	GlobalSection(SolutionConfigurationPlatforms) = preSolution
		Debug|Any CPU = Debug|Any CPU
		Release|Any CPU = Release|Any CPU
	EndGlobalSection
	GlobalSection(ProjectConfigurationPlatforms) = postSolution
		{3D708226-9619-4F4C-9CF7-0EEF04D0CEBD}.Debug|Any CPU.ActiveCfg = Debug|Any CPU
		{3D708226-9619-4F4C-9CF7-0EEF04D0CEBD}.Debug|Any CPU.Build.0 = Debug|Any CPU
		{3D708226-9619-4F4C-9CF7-0EEF04D0CEBD}.Release|Any CPU.ActiveCfg = Release|Any CPU
		{3D708226-9619-4F4C-9CF7-0EEF04D0CEBD}.Release|Any CPU.Build.0 = Release|Any CPU
		{ABDDB52B-FFDF-41E4-A78C-7980CD3EA26F}.Debug|Any CPU.ActiveCfg = Debug|Any CPU
		{ABDDB52B-FFDF-41E4-A78C-7980CD3EA26F}.Debug|Any CPU.Build.0 = Debug|Any CPU
		{ABDDB52B-FFDF-41E4-A78C-7980CD3EA26F}.Release|Any CPU.ActiveCfg = Release|Any CPU
		{ABDDB52B-FFDF-41E4-A78C-7980CD3EA26F}.Release|Any CPU.Build.0 = Release|Any CPU
		{582C5E43-310D-48F7-8FD1-C6CDF572502B}.Debug|Any CPU.ActiveCfg = Debug|Any CPU
		{582C5E43-310D-48F7-8FD1-C6CDF572502B}.Debug|Any CPU.Build.0 = Debug|Any CPU
		{582C5E43-310D-48F7-8FD1-C6CDF572502B}.Release|Any CPU.ActiveCfg = Release|Any CPU
		{582C5E43-310D-48F7-8FD1-C6CDF572502B}.Release|Any CPU.Build.0 = Release|Any CPU
	EndGlobalSection
	GlobalSection(SolutionProperties) = preSolution
		HideSolutionNode = FALSE
	EndGlobalSection
	GlobalSection(ExtensibilityGlobals) = postSolution
		SolutionGuid = {6C6CFE19-0C9F-44F5-BD50-95272F0663E2}
	EndGlobalSection
EndGlobal
