
Microsoft Visual Studio Solution File, Format Version 12.00
# Visual Studio 15
VisualStudioVersion = 15.0.27130.2010
MinimumVisualStudioVersion = 10.0.40219.1
Project("{FAE04EC0-301F-11D3-BF4B-00C04F79EFBC}") = "BasicTreeDataStructures", "BasicTreeDataStructures\BasicTreeDataStructures.csproj", "{A0FC909C-92F5-442E-BBEF-D02A0BD41D1B}"
EndProject
Global
	GlobalSection(SolutionConfigurationPlatforms) = preSolution
		Debug|Any CPU = Debug|Any CPU
		Release|Any CPU = Release|Any CPU
	EndGlobalSection
	GlobalSection(ProjectConfigurationPlatforms) = postSolution
		{A0FC909C-92F5-442E-BBEF-D02A0BD41D1B}.Debug|Any CPU.ActiveCfg = Debug|Any CPU
		{A0FC909C-92F5-442E-BBEF-D02A0BD41D1B}.Debug|Any CPU.Build.0 = Debug|Any CPU
		{A0FC909C-92F5-442E-BBEF-D02A0BD41D1B}.Release|Any CPU.ActiveCfg = Release|Any CPU
		{A0FC909C-92F5-442E-BBEF-D02A0BD41D1B}.Release|Any CPU.Build.0 = Release|Any CPU
	EndGlobalSection
	GlobalSection(SolutionProperties) = preSolution
		HideSolutionNode = FALSE
	EndGlobalSection
	GlobalSection(ExtensibilityGlobals) = postSolution
		SolutionGuid = {F96AC052-D6F1-41AB-8D81-559F6C9E0D89}
	EndGlobalSection
EndGlobal
