
Microsoft Visual Studio Solution File, Format Version 12.00
# Visual Studio 2015
Project("{FAE04EC0-301F-11D3-BF4B-00C04F79EFBC}") = "TestExamProjectReady.CSharp", "TestExamProjectReady.CSharp.csproj", "{5FF6FF15-43E7-CBD0-6951-22E8BB5FD1E3}"
EndProject
Global
	GlobalSection(SolutionConfigurationPlatforms) = preSolution
		Debug|Any CPU = Debug|Any CPU
		Release|Any CPU = Release|Any CPU
	EndGlobalSection
	GlobalSection(ProjectConfigurationPlatforms) = postSolution
		{5FF6FF15-43E7-CBD0-6951-22E8BB5FD1E3}.Debug|Any CPU.ActiveCfg = Debug|Any CPU
		{5FF6FF15-43E7-CBD0-6951-22E8BB5FD1E3}.Debug|Any CPU.Build.0 = Debug|Any CPU
		{5FF6FF15-43E7-CBD0-6951-22E8BB5FD1E3}.Release|Any CPU.ActiveCfg = Release|Any CPU
		{5FF6FF15-43E7-CBD0-6951-22E8BB5FD1E3}.Release|Any CPU.Build.0 = Release|Any CPU
	EndGlobalSection
	GlobalSection(SolutionProperties) = preSolution
		HideSolutionNode = FALSE
	EndGlobalSection
EndGlobal
