
Microsoft Visual Studio Solution File, Format Version 12.00
# Visual Studio 15
VisualStudioVersion = 15.0.26228.9
MinimumVisualStudioVersion = 10.0.40219.1
Project("{FAE04EC0-301F-11D3-BF4B-00C04F79EFBC}") = "MassDefect.Client", "MassDefect.Client\MassDefect.Client.csproj", "{FA248C79-E958-4337-B450-7731A6C435D6}"
EndProject
Project("{FAE04EC0-301F-11D3-BF4B-00C04F79EFBC}") = "MassDefect.Data", "MassDefect.Data\MassDefect.Data.csproj", "{530F2FB8-2B68-46A8-9388-0FCEB7F93595}"
EndProject
Project("{FAE04EC0-301F-11D3-BF4B-00C04F79EFBC}") = "MassDefect.Models", "MassDefect.Model\MassDefect.Models.csproj", "{7AC9ED31-9D22-48AF-8B07-D42C3546E45F}"
EndProject
Project("{FAE04EC0-301F-11D3-BF4B-00C04F79EFBC}") = "MassDefect.Import", "MassDefect.Import\MassDefect.Import.csproj", "{C645022B-B1F2-4DA5-A44E-A7AC17730AD3}"
EndProject
Project("{FAE04EC0-301F-11D3-BF4B-00C04F79EFBC}") = "MassDefect.Export", "MassDefect.Export\MassDefect.Export.csproj", "{3FEC27A3-20C5-4FF2-9A02-D51918663258}"
EndProject
Global
	GlobalSection(SolutionConfigurationPlatforms) = preSolution
		Debug|Any CPU = Debug|Any CPU
		Release|Any CPU = Release|Any CPU
	EndGlobalSection
	GlobalSection(ProjectConfigurationPlatforms) = postSolution
		{FA248C79-E958-4337-B450-7731A6C435D6}.Debug|Any CPU.ActiveCfg = Debug|Any CPU
		{FA248C79-E958-4337-B450-7731A6C435D6}.Debug|Any CPU.Build.0 = Debug|Any CPU
		{FA248C79-E958-4337-B450-7731A6C435D6}.Release|Any CPU.ActiveCfg = Release|Any CPU
		{FA248C79-E958-4337-B450-7731A6C435D6}.Release|Any CPU.Build.0 = Release|Any CPU
		{530F2FB8-2B68-46A8-9388-0FCEB7F93595}.Debug|Any CPU.ActiveCfg = Debug|Any CPU
		{530F2FB8-2B68-46A8-9388-0FCEB7F93595}.Debug|Any CPU.Build.0 = Debug|Any CPU
		{530F2FB8-2B68-46A8-9388-0FCEB7F93595}.Release|Any CPU.ActiveCfg = Release|Any CPU
		{530F2FB8-2B68-46A8-9388-0FCEB7F93595}.Release|Any CPU.Build.0 = Release|Any CPU
		{7AC9ED31-9D22-48AF-8B07-D42C3546E45F}.Debug|Any CPU.ActiveCfg = Debug|Any CPU
		{7AC9ED31-9D22-48AF-8B07-D42C3546E45F}.Debug|Any CPU.Build.0 = Debug|Any CPU
		{7AC9ED31-9D22-48AF-8B07-D42C3546E45F}.Release|Any CPU.ActiveCfg = Release|Any CPU
		{7AC9ED31-9D22-48AF-8B07-D42C3546E45F}.Release|Any CPU.Build.0 = Release|Any CPU
		{C645022B-B1F2-4DA5-A44E-A7AC17730AD3}.Debug|Any CPU.ActiveCfg = Debug|Any CPU
		{C645022B-B1F2-4DA5-A44E-A7AC17730AD3}.Debug|Any CPU.Build.0 = Debug|Any CPU
		{C645022B-B1F2-4DA5-A44E-A7AC17730AD3}.Release|Any CPU.ActiveCfg = Release|Any CPU
		{C645022B-B1F2-4DA5-A44E-A7AC17730AD3}.Release|Any CPU.Build.0 = Release|Any CPU
		{3FEC27A3-20C5-4FF2-9A02-D51918663258}.Debug|Any CPU.ActiveCfg = Debug|Any CPU
		{3FEC27A3-20C5-4FF2-9A02-D51918663258}.Debug|Any CPU.Build.0 = Debug|Any CPU
		{3FEC27A3-20C5-4FF2-9A02-D51918663258}.Release|Any CPU.ActiveCfg = Release|Any CPU
		{3FEC27A3-20C5-4FF2-9A02-D51918663258}.Release|Any CPU.Build.0 = Release|Any CPU
	EndGlobalSection
	GlobalSection(SolutionProperties) = preSolution
		HideSolutionNode = FALSE
	EndGlobalSection
EndGlobal
