
Microsoft Visual Studio Solution File, Format Version 12.00
# Visual Studio 15
VisualStudioVersion = 15.0.26228.9
MinimumVisualStudioVersion = 10.0.40219.1
Project("{FAE04EC0-301F-11D3-BF4B-00C04F79EFBC}") = "PlanetHunters.Data", "PlanetHunters.Data\PlanetHunters.Data.csproj", "{1CD6C3C2-0C02-4768-8D5B-A8E646687699}"
EndProject
Project("{FAE04EC0-301F-11D3-BF4B-00C04F79EFBC}") = "PlanetHunters.Models", "PlanetHunters.Models\PlanetHunters.Models.csproj", "{E7D03838-01A3-4B37-B7AC-7B354CE70A81}"
EndProject
Project("{FAE04EC0-301F-11D3-BF4B-00C04F79EFBC}") = "PlanetHunters.Client", "PlanetHunters.Client\PlanetHunters.Client.csproj", "{DE2E38F0-C505-4C9A-942F-A4B1E3561918}"
EndProject
Project("{FAE04EC0-301F-11D3-BF4B-00C04F79EFBC}") = "PlanetHunters.Import", "PlanetHunters.Import\PlanetHunters.Import.csproj", "{FB4616B3-F906-4370-82CC-0173F221B1BC}"
EndProject
Project("{FAE04EC0-301F-11D3-BF4B-00C04F79EFBC}") = "PlanetHunters.Export", "PlanetHunters.Export\PlanetHunters.Export.csproj", "{729132A5-FA3D-4552-931B-F65D1EA7A3C7}"
EndProject
Global
	GlobalSection(SolutionConfigurationPlatforms) = preSolution
		Debug|Any CPU = Debug|Any CPU
		Release|Any CPU = Release|Any CPU
	EndGlobalSection
	GlobalSection(ProjectConfigurationPlatforms) = postSolution
		{1CD6C3C2-0C02-4768-8D5B-A8E646687699}.Debug|Any CPU.ActiveCfg = Debug|Any CPU
		{1CD6C3C2-0C02-4768-8D5B-A8E646687699}.Debug|Any CPU.Build.0 = Debug|Any CPU
		{1CD6C3C2-0C02-4768-8D5B-A8E646687699}.Release|Any CPU.ActiveCfg = Release|Any CPU
		{1CD6C3C2-0C02-4768-8D5B-A8E646687699}.Release|Any CPU.Build.0 = Release|Any CPU
		{E7D03838-01A3-4B37-B7AC-7B354CE70A81}.Debug|Any CPU.ActiveCfg = Debug|Any CPU
		{E7D03838-01A3-4B37-B7AC-7B354CE70A81}.Debug|Any CPU.Build.0 = Debug|Any CPU
		{E7D03838-01A3-4B37-B7AC-7B354CE70A81}.Release|Any CPU.ActiveCfg = Release|Any CPU
		{E7D03838-01A3-4B37-B7AC-7B354CE70A81}.Release|Any CPU.Build.0 = Release|Any CPU
		{DE2E38F0-C505-4C9A-942F-A4B1E3561918}.Debug|Any CPU.ActiveCfg = Debug|Any CPU
		{DE2E38F0-C505-4C9A-942F-A4B1E3561918}.Debug|Any CPU.Build.0 = Debug|Any CPU
		{DE2E38F0-C505-4C9A-942F-A4B1E3561918}.Release|Any CPU.ActiveCfg = Release|Any CPU
		{DE2E38F0-C505-4C9A-942F-A4B1E3561918}.Release|Any CPU.Build.0 = Release|Any CPU
		{FB4616B3-F906-4370-82CC-0173F221B1BC}.Debug|Any CPU.ActiveCfg = Debug|Any CPU
		{FB4616B3-F906-4370-82CC-0173F221B1BC}.Debug|Any CPU.Build.0 = Debug|Any CPU
		{FB4616B3-F906-4370-82CC-0173F221B1BC}.Release|Any CPU.ActiveCfg = Release|Any CPU
		{FB4616B3-F906-4370-82CC-0173F221B1BC}.Release|Any CPU.Build.0 = Release|Any CPU
		{729132A5-FA3D-4552-931B-F65D1EA7A3C7}.Debug|Any CPU.ActiveCfg = Debug|Any CPU
		{729132A5-FA3D-4552-931B-F65D1EA7A3C7}.Debug|Any CPU.Build.0 = Debug|Any CPU
		{729132A5-FA3D-4552-931B-F65D1EA7A3C7}.Release|Any CPU.ActiveCfg = Release|Any CPU
		{729132A5-FA3D-4552-931B-F65D1EA7A3C7}.Release|Any CPU.Build.0 = Release|Any CPU
	EndGlobalSection
	GlobalSection(SolutionProperties) = preSolution
		HideSolutionNode = FALSE
	EndGlobalSection
EndGlobal
