
Microsoft Visual Studio Solution File, Format Version 12.00
# Visual Studio 15
VisualStudioVersion = 15.0.26430.14
MinimumVisualStudioVersion = 10.0.40219.1
Project("{FAE04EC0-301F-11D3-BF4B-00C04F79EFBC}") = "01.Database", "01.Database\01.Database.csproj", "{C2F06543-F7C4-47C8-8D00-A8F5631E6D77}"
EndProject
Project("{FAE04EC0-301F-11D3-BF4B-00C04F79EFBC}") = "03.IteratorTest", "03.IteratorTest\03.IteratorTest.csproj", "{BE566609-5F8B-46DC-93F5-C4298B010E9F}"
EndProject
Project("{FAE04EC0-301F-11D3-BF4B-00C04F79EFBC}") = "02.ExtendedDatabase", "02.ExtendedDatabase\02.ExtendedDatabase.csproj", "{521D4EC3-75B9-44F8-B6CF-C520083B73A6}"
EndProject
Global
	GlobalSection(SolutionConfigurationPlatforms) = preSolution
		Debug|Any CPU = Debug|Any CPU
		Release|Any CPU = Release|Any CPU
	EndGlobalSection
	GlobalSection(ProjectConfigurationPlatforms) = postSolution
		{C2F06543-F7C4-47C8-8D00-A8F5631E6D77}.Debug|Any CPU.ActiveCfg = Debug|Any CPU
		{C2F06543-F7C4-47C8-8D00-A8F5631E6D77}.Debug|Any CPU.Build.0 = Debug|Any CPU
		{C2F06543-F7C4-47C8-8D00-A8F5631E6D77}.Release|Any CPU.ActiveCfg = Release|Any CPU
		{C2F06543-F7C4-47C8-8D00-A8F5631E6D77}.Release|Any CPU.Build.0 = Release|Any CPU
		{BE566609-5F8B-46DC-93F5-C4298B010E9F}.Debug|Any CPU.ActiveCfg = Debug|Any CPU
		{BE566609-5F8B-46DC-93F5-C4298B010E9F}.Debug|Any CPU.Build.0 = Debug|Any CPU
		{BE566609-5F8B-46DC-93F5-C4298B010E9F}.Release|Any CPU.ActiveCfg = Release|Any CPU
		{BE566609-5F8B-46DC-93F5-C4298B010E9F}.Release|Any CPU.Build.0 = Release|Any CPU
		{521D4EC3-75B9-44F8-B6CF-C520083B73A6}.Debug|Any CPU.ActiveCfg = Debug|Any CPU
		{521D4EC3-75B9-44F8-B6CF-C520083B73A6}.Debug|Any CPU.Build.0 = Debug|Any CPU
		{521D4EC3-75B9-44F8-B6CF-C520083B73A6}.Release|Any CPU.ActiveCfg = Release|Any CPU
		{521D4EC3-75B9-44F8-B6CF-C520083B73A6}.Release|Any CPU.Build.0 = Release|Any CPU
	EndGlobalSection
	GlobalSection(SolutionProperties) = preSolution
		HideSolutionNode = FALSE
	EndGlobalSection
EndGlobal
