
Microsoft Visual Studio Solution File, Format Version 12.00
# Visual Studio 15
VisualStudioVersion = 15.0.26430.14
MinimumVisualStudioVersion = 10.0.40219.1
Project("{FAE04EC0-301F-11D3-BF4B-00C04F79EFBC}") = "01.Stealer", "01.Stealer\01.Stealer.csproj", "{2B92558F-D358-459A-91BF-5F20D02E875A}"
EndProject
Project("{FAE04EC0-301F-11D3-BF4B-00C04F79EFBC}") = "02.HighQualityMistakes", "02.HighQualityMistakes\02.HighQualityMistakes.csproj", "{CD836FAF-AFB2-47D0-A47A-CFAA26929301}"
EndProject
Project("{FAE04EC0-301F-11D3-BF4B-00C04F79EFBC}") = "03.MissionPrivateImpossible", "03.MissionPrivateImpossible\03.MissionPrivateImpossible.csproj", "{BAA09921-70E8-4BC2-A491-74EE20D61675}"
EndProject
Project("{FAE04EC0-301F-11D3-BF4B-00C04F79EFBC}") = "04.Collector", "04.Collector\04.Collector.csproj", "{C14C21AC-7769-4FC3-89A0-9C8488026A1F}"
EndProject
Global
	GlobalSection(SolutionConfigurationPlatforms) = preSolution
		Debug|Any CPU = Debug|Any CPU
		Release|Any CPU = Release|Any CPU
	EndGlobalSection
	GlobalSection(ProjectConfigurationPlatforms) = postSolution
		{2B92558F-D358-459A-91BF-5F20D02E875A}.Debug|Any CPU.ActiveCfg = Debug|Any CPU
		{2B92558F-D358-459A-91BF-5F20D02E875A}.Debug|Any CPU.Build.0 = Debug|Any CPU
		{2B92558F-D358-459A-91BF-5F20D02E875A}.Release|Any CPU.ActiveCfg = Release|Any CPU
		{2B92558F-D358-459A-91BF-5F20D02E875A}.Release|Any CPU.Build.0 = Release|Any CPU
		{CD836FAF-AFB2-47D0-A47A-CFAA26929301}.Debug|Any CPU.ActiveCfg = Debug|Any CPU
		{CD836FAF-AFB2-47D0-A47A-CFAA26929301}.Debug|Any CPU.Build.0 = Debug|Any CPU
		{CD836FAF-AFB2-47D0-A47A-CFAA26929301}.Release|Any CPU.ActiveCfg = Release|Any CPU
		{CD836FAF-AFB2-47D0-A47A-CFAA26929301}.Release|Any CPU.Build.0 = Release|Any CPU
		{BAA09921-70E8-4BC2-A491-74EE20D61675}.Debug|Any CPU.ActiveCfg = Debug|Any CPU
		{BAA09921-70E8-4BC2-A491-74EE20D61675}.Debug|Any CPU.Build.0 = Debug|Any CPU
		{BAA09921-70E8-4BC2-A491-74EE20D61675}.Release|Any CPU.ActiveCfg = Release|Any CPU
		{BAA09921-70E8-4BC2-A491-74EE20D61675}.Release|Any CPU.Build.0 = Release|Any CPU
		{C14C21AC-7769-4FC3-89A0-9C8488026A1F}.Debug|Any CPU.ActiveCfg = Debug|Any CPU
		{C14C21AC-7769-4FC3-89A0-9C8488026A1F}.Debug|Any CPU.Build.0 = Debug|Any CPU
		{C14C21AC-7769-4FC3-89A0-9C8488026A1F}.Release|Any CPU.ActiveCfg = Release|Any CPU
		{C14C21AC-7769-4FC3-89A0-9C8488026A1F}.Release|Any CPU.Build.0 = Release|Any CPU
	EndGlobalSection
	GlobalSection(SolutionProperties) = preSolution
		HideSolutionNode = FALSE
	EndGlobalSection
EndGlobal
