
Microsoft Visual Studio Solution File, Format Version 12.00
# Visual Studio 15
VisualStudioVersion = 15.0.26430.14
MinimumVisualStudioVersion = 10.0.40219.1
Project("{FAE04EC0-301F-11D3-BF4B-00C04F79EFBC}") = "01.HarvestingFields", "01.HarvestingFields\01.HarvestingFields.csproj", "{18332898-8B0F-4D6F-9964-8D9954D48395}"
EndProject
Project("{FAE04EC0-301F-11D3-BF4B-00C04F79EFBC}") = "02.BlackBoxInteger", "02.BlackBoxInteger\02.BlackBoxInteger.csproj", "{CD74B57E-5570-42B0-B976-0F2C4E3B4310}"
EndProject
Project("{FAE04EC0-301F-11D3-BF4B-00C04F79EFBC}") = "03.04.05.BarrackWars", "03.04.05.BarrackWars\03.04.05.BarrackWars.csproj", "{750DA9E7-A1F9-4414-B507-A39EF21A2089}"
EndProject
Global
	GlobalSection(SolutionConfigurationPlatforms) = preSolution
		Debug|Any CPU = Debug|Any CPU
		Release|Any CPU = Release|Any CPU
	EndGlobalSection
	GlobalSection(ProjectConfigurationPlatforms) = postSolution
		{18332898-8B0F-4D6F-9964-8D9954D48395}.Debug|Any CPU.ActiveCfg = Debug|Any CPU
		{18332898-8B0F-4D6F-9964-8D9954D48395}.Debug|Any CPU.Build.0 = Debug|Any CPU
		{18332898-8B0F-4D6F-9964-8D9954D48395}.Release|Any CPU.ActiveCfg = Release|Any CPU
		{18332898-8B0F-4D6F-9964-8D9954D48395}.Release|Any CPU.Build.0 = Release|Any CPU
		{CD74B57E-5570-42B0-B976-0F2C4E3B4310}.Debug|Any CPU.ActiveCfg = Debug|Any CPU
		{CD74B57E-5570-42B0-B976-0F2C4E3B4310}.Debug|Any CPU.Build.0 = Debug|Any CPU
		{CD74B57E-5570-42B0-B976-0F2C4E3B4310}.Release|Any CPU.ActiveCfg = Release|Any CPU
		{CD74B57E-5570-42B0-B976-0F2C4E3B4310}.Release|Any CPU.Build.0 = Release|Any CPU
		{750DA9E7-A1F9-4414-B507-A39EF21A2089}.Debug|Any CPU.ActiveCfg = Debug|Any CPU
		{750DA9E7-A1F9-4414-B507-A39EF21A2089}.Debug|Any CPU.Build.0 = Debug|Any CPU
		{750DA9E7-A1F9-4414-B507-A39EF21A2089}.Release|Any CPU.ActiveCfg = Release|Any CPU
		{750DA9E7-A1F9-4414-B507-A39EF21A2089}.Release|Any CPU.Build.0 = Release|Any CPU
	EndGlobalSection
	GlobalSection(SolutionProperties) = preSolution
		HideSolutionNode = FALSE
	EndGlobalSection
EndGlobal
