
Microsoft Visual Studio Solution File, Format Version 12.00
# Visual Studio 15
VisualStudioVersion = 15.0.26730.16
MinimumVisualStudioVersion = 10.0.40219.1
Project("{9A19103F-16F7-4668-BE54-9A1E7A4F7556}") = "StudentSystem.Client", "StudentSystem.Client\StudentSystem.Client.csproj", "{1686F02F-AD4D-4F29-BDCF-8370CC940E57}"
EndProject
Project("{FAE04EC0-301F-11D3-BF4B-00C04F79EFBC}") = "StudentSystem.Models", "StudentSystem.Models\StudentSystem.Models.csproj", "{1BE24204-B237-4E1E-8753-0A021DC1C723}"
EndProject
Project("{FAE04EC0-301F-11D3-BF4B-00C04F79EFBC}") = "StudentSystem.Data", "StudentSystem.Data\StudentSystem.Data.csproj", "{5025608D-27C7-4AB5-9462-AFF665F9D8EA}"
EndProject
Global
	GlobalSection(SolutionConfigurationPlatforms) = preSolution
		Debug|Any CPU = Debug|Any CPU
		Release|Any CPU = Release|Any CPU
	EndGlobalSection
	GlobalSection(ProjectConfigurationPlatforms) = postSolution
		{1686F02F-AD4D-4F29-BDCF-8370CC940E57}.Debug|Any CPU.ActiveCfg = Debug|Any CPU
		{1686F02F-AD4D-4F29-BDCF-8370CC940E57}.Debug|Any CPU.Build.0 = Debug|Any CPU
		{1686F02F-AD4D-4F29-BDCF-8370CC940E57}.Release|Any CPU.ActiveCfg = Release|Any CPU
		{1686F02F-AD4D-4F29-BDCF-8370CC940E57}.Release|Any CPU.Build.0 = Release|Any CPU
		{1BE24204-B237-4E1E-8753-0A021DC1C723}.Debug|Any CPU.ActiveCfg = Debug|Any CPU
		{1BE24204-B237-4E1E-8753-0A021DC1C723}.Debug|Any CPU.Build.0 = Debug|Any CPU
		{1BE24204-B237-4E1E-8753-0A021DC1C723}.Release|Any CPU.ActiveCfg = Release|Any CPU
		{1BE24204-B237-4E1E-8753-0A021DC1C723}.Release|Any CPU.Build.0 = Release|Any CPU
		{5025608D-27C7-4AB5-9462-AFF665F9D8EA}.Debug|Any CPU.ActiveCfg = Debug|Any CPU
		{5025608D-27C7-4AB5-9462-AFF665F9D8EA}.Debug|Any CPU.Build.0 = Debug|Any CPU
		{5025608D-27C7-4AB5-9462-AFF665F9D8EA}.Release|Any CPU.ActiveCfg = Release|Any CPU
		{5025608D-27C7-4AB5-9462-AFF665F9D8EA}.Release|Any CPU.Build.0 = Release|Any CPU
	EndGlobalSection
	GlobalSection(SolutionProperties) = preSolution
		HideSolutionNode = FALSE
	EndGlobalSection
	GlobalSection(ExtensibilityGlobals) = postSolution
		SolutionGuid = {D9542D54-3614-41E2-9BCE-9A7CEE415447}
	EndGlobalSection
EndGlobal
