
Microsoft Visual Studio Solution File, Format Version 12.00
# Visual Studio 14
VisualStudioVersion = 14.0.24720.0
MinimumVisualStudioVersion = 10.0.40219.1
Project("{FAE04EC0-301F-11D3-BF4B-00C04F79EFBC}") = "01.UnknownMethod", "01.UnknownMethod\01.UnknownMethod.csproj", "{DD51DDF1-733E-40CA-9E01-01CFB5F8CD6B}"
EndProject
Project("{FAE04EC0-301F-11D3-BF4B-00C04F79EFBC}") = "02.LINQQueries", "02.LINQQueries\02.LINQQueries.csproj", "{51C9FA66-60A2-4C5E-A59D-9C2287EBB0DF}"
EndProject
Project("{FAE04EC0-301F-11D3-BF4B-00C04F79EFBC}") = "03.Game", "03.Game\03.Game.csproj", "{4D170FBD-A5C3-4492-ABD5-A680740E5A2A}"
EndProject
Global
	GlobalSection(SolutionConfigurationPlatforms) = preSolution
		Debug|Any CPU = Debug|Any CPU
		Release|Any CPU = Release|Any CPU
	EndGlobalSection
	GlobalSection(ProjectConfigurationPlatforms) = postSolution
		{DD51DDF1-733E-40CA-9E01-01CFB5F8CD6B}.Debug|Any CPU.ActiveCfg = Debug|Any CPU
		{DD51DDF1-733E-40CA-9E01-01CFB5F8CD6B}.Debug|Any CPU.Build.0 = Debug|Any CPU
		{DD51DDF1-733E-40CA-9E01-01CFB5F8CD6B}.Release|Any CPU.ActiveCfg = Release|Any CPU
		{DD51DDF1-733E-40CA-9E01-01CFB5F8CD6B}.Release|Any CPU.Build.0 = Release|Any CPU
		{51C9FA66-60A2-4C5E-A59D-9C2287EBB0DF}.Debug|Any CPU.ActiveCfg = Debug|Any CPU
		{51C9FA66-60A2-4C5E-A59D-9C2287EBB0DF}.Debug|Any CPU.Build.0 = Debug|Any CPU
		{51C9FA66-60A2-4C5E-A59D-9C2287EBB0DF}.Release|Any CPU.ActiveCfg = Release|Any CPU
		{51C9FA66-60A2-4C5E-A59D-9C2287EBB0DF}.Release|Any CPU.Build.0 = Release|Any CPU
		{4D170FBD-A5C3-4492-ABD5-A680740E5A2A}.Debug|Any CPU.ActiveCfg = Debug|Any CPU
		{4D170FBD-A5C3-4492-ABD5-A680740E5A2A}.Debug|Any CPU.Build.0 = Debug|Any CPU
		{4D170FBD-A5C3-4492-ABD5-A680740E5A2A}.Release|Any CPU.ActiveCfg = Release|Any CPU
		{4D170FBD-A5C3-4492-ABD5-A680740E5A2A}.Release|Any CPU.Build.0 = Release|Any CPU
	EndGlobalSection
	GlobalSection(SolutionProperties) = preSolution
		HideSolutionNode = FALSE
	EndGlobalSection
EndGlobal
