
Microsoft Visual Studio Solution File, Format Version 12.00
# Visual Studio 15
VisualStudioVersion = 15.0.27004.2005
MinimumVisualStudioVersion = 10.0.40219.1
Project("{FAE04EC0-301F-11D3-BF4B-00C04F79EFBC}") = "CameraBazaar", "CameraBazaar\CameraBazaar.csproj", "{DF0AFEB3-95BF-4B26-9501-48F633E4D211}"
EndProject
Global
	GlobalSection(SolutionConfigurationPlatforms) = preSolution
		Debug|Any CPU = Debug|Any CPU
		Release|Any CPU = Release|Any CPU
	EndGlobalSection
	GlobalSection(ProjectConfigurationPlatforms) = postSolution
		{DF0AFEB3-95BF-4B26-9501-48F633E4D211}.Debug|Any CPU.ActiveCfg = Debug|Any CPU
		{DF0AFEB3-95BF-4B26-9501-48F633E4D211}.Debug|Any CPU.Build.0 = Debug|Any CPU
		{DF0AFEB3-95BF-4B26-9501-48F633E4D211}.Release|Any CPU.ActiveCfg = Release|Any CPU
		{DF0AFEB3-95BF-4B26-9501-48F633E4D211}.Release|Any CPU.Build.0 = Release|Any CPU
	EndGlobalSection
	GlobalSection(SolutionProperties) = preSolution
		HideSolutionNode = FALSE
	EndGlobalSection
	GlobalSection(ExtensibilityGlobals) = postSolution
		SolutionGuid = {5CDFF847-EE21-40AC-B3B2-3283843C8665}
	EndGlobalSection
EndGlobal
