
Microsoft Visual Studio Solution File, Format Version 12.00
# Visual Studio 14
VisualStudioVersion = 14.0.23107.0
MinimumVisualStudioVersion = 10.0.40219.1
Project("{FAE04EC0-301F-11D3-BF4B-00C04F79EFBC}") = "02.Customer", "02.Customer\02.Customer.csproj", "{87709E4F-F2AB-4732-A34C-08F0CF5D9F3F}"
EndProject
Project("{FAE04EC0-301F-11D3-BF4B-00C04F79EFBC}") = "03.StringDisperser", "03.StringDisperser\03.StringDisperser.csproj", "{442040BE-3105-434F-ADB9-99AE3B0BD923}"
EndProject
Global
	GlobalSection(SolutionConfigurationPlatforms) = preSolution
		Debug|Any CPU = Debug|Any CPU
		Release|Any CPU = Release|Any CPU
	EndGlobalSection
	GlobalSection(ProjectConfigurationPlatforms) = postSolution
		{87709E4F-F2AB-4732-A34C-08F0CF5D9F3F}.Debug|Any CPU.ActiveCfg = Debug|Any CPU
		{87709E4F-F2AB-4732-A34C-08F0CF5D9F3F}.Debug|Any CPU.Build.0 = Debug|Any CPU
		{87709E4F-F2AB-4732-A34C-08F0CF5D9F3F}.Release|Any CPU.ActiveCfg = Release|Any CPU
		{87709E4F-F2AB-4732-A34C-08F0CF5D9F3F}.Release|Any CPU.Build.0 = Release|Any CPU
		{442040BE-3105-434F-ADB9-99AE3B0BD923}.Debug|Any CPU.ActiveCfg = Debug|Any CPU
		{442040BE-3105-434F-ADB9-99AE3B0BD923}.Debug|Any CPU.Build.0 = Debug|Any CPU
		{442040BE-3105-434F-ADB9-99AE3B0BD923}.Release|Any CPU.ActiveCfg = Release|Any CPU
		{442040BE-3105-434F-ADB9-99AE3B0BD923}.Release|Any CPU.Build.0 = Release|Any CPU
	EndGlobalSection
	GlobalSection(SolutionProperties) = preSolution
		HideSolutionNode = FALSE
	EndGlobalSection
EndGlobal
