
Microsoft Visual Studio Solution File, Format Version 12.00
# Visual Studio 15
VisualStudioVersion = 15.0.27130.2010
MinimumVisualStudioVersion = 10.0.40219.1
Project("{FAE04EC0-301F-11D3-BF4B-00C04F79EFBC}") = "01.CircularQueue", "01.CircularQueue\01.CircularQueue.csproj", "{84A53405-B8A6-4342-855D-FE8F3DAD1655}"
EndProject
Project("{FAE04EC0-301F-11D3-BF4B-00C04F79EFBC}") = "02.LinkedList", "02.LinkedList\02.LinkedList.csproj", "{5C57DA6F-7088-4BAF-B8FE-38314224D9B7}"
EndProject
Global
	GlobalSection(SolutionConfigurationPlatforms) = preSolution
		Debug|Any CPU = Debug|Any CPU
		Release|Any CPU = Release|Any CPU
	EndGlobalSection
	GlobalSection(ProjectConfigurationPlatforms) = postSolution
		{84A53405-B8A6-4342-855D-FE8F3DAD1655}.Debug|Any CPU.ActiveCfg = Debug|Any CPU
		{84A53405-B8A6-4342-855D-FE8F3DAD1655}.Debug|Any CPU.Build.0 = Debug|Any CPU
		{84A53405-B8A6-4342-855D-FE8F3DAD1655}.Release|Any CPU.ActiveCfg = Release|Any CPU
		{84A53405-B8A6-4342-855D-FE8F3DAD1655}.Release|Any CPU.Build.0 = Release|Any CPU
		{5C57DA6F-7088-4BAF-B8FE-38314224D9B7}.Debug|Any CPU.ActiveCfg = Debug|Any CPU
		{5C57DA6F-7088-4BAF-B8FE-38314224D9B7}.Debug|Any CPU.Build.0 = Debug|Any CPU
		{5C57DA6F-7088-4BAF-B8FE-38314224D9B7}.Release|Any CPU.ActiveCfg = Release|Any CPU
		{5C57DA6F-7088-4BAF-B8FE-38314224D9B7}.Release|Any CPU.Build.0 = Release|Any CPU
	EndGlobalSection
	GlobalSection(SolutionProperties) = preSolution
		HideSolutionNode = FALSE
	EndGlobalSection
	GlobalSection(ExtensibilityGlobals) = postSolution
		SolutionGuid = {4759DC74-3A42-432D-8C02-6A97C2FB0D0E}
	EndGlobalSection
EndGlobal
